%{
  "benchee": {:hex, :benchee, "0.13.0", "9ded9774f1f112cc544d82e5f9a905a016862f93ba89f983d6a7e25091efe23d", [:mix], [{:deep_merge, "~> 0.1", [hex: :deep_merge, optional: false]}]},
  "benchee_csv": {:hex, :benchee_csv, "0.8.0", "0ca094677d6e2b2f601b7ee7864b754789ef9d24d079432e5e3d6f4fb83a4d80", [:mix], [{:benchee, "~> 0.12", [hex: :benchee, optional: false]}, {:csv, "~> 2.0", [hex: :csv, optional: false]}]},
  "benchee_html": {:hex, :benchee_html, "0.5.0", "1354ba8005f979c177561fe08b83cafbae43f3046e8a6cf209132b8967b6db17", [:mix], [{:benchee, "~> 0.12", [hex: :benchee, optional: false]}, {:benchee_json, "~> 0.5", [hex: :benchee_json, optional: false]}]},
  "benchee_json": {:hex, :benchee_json, "0.5.0", "75878fd9944093ced03e9c214e6e1429da147de43e2f4a4cbc4377294ed5d029", [:mix], [{:benchee, "~> 0.12", [hex: :benchee, optional: false]}, {:jason, "~> 1.0", [hex: :jason, optional: false]}]},
  "benchfella": {:hex, :benchfella, "0.3.5", "b2122c234117b3f91ed7b43b6e915e19e1ab216971154acd0a80ce0e9b8c05f5", [:mix], []},
  "csv": {:hex, :csv, "2.1.1", "a4c1a7c30d2151b6e4976cb2f52c0a1d49ec965afb737ed84a684bc4284d1627", [:mix], [{:parallel_stream, "~> 1.0.4", [hex: :parallel_stream, optional: false]}]},
  "deep_merge": {:hex, :deep_merge, "0.1.1", "c27866a7524a337b6a039eeb8dd4f17d458fd40fbbcb8c54661b71a22fffe846", [:mix], []},
  "floki": {:hex, :floki, "0.20.0", "fd018e3e1c7a77cafbe4d51c9811102f701bbbbbd4c818e974ea371348bd0719", [:mix], [{:html_entities, "~> 0.4.0", [hex: :html_entities, optional: false]}, {:mochiweb, "~> 2.15", [hex: :mochiweb, optional: false]}]},
  "html_entities": {:hex, :html_entities, "0.4.0", "f2fee876858cf6aaa9db608820a3209e45a087c5177332799592142b50e89a6b", [:mix], []},
  "html_sanitize_ex": {:hex, :html_sanitize_ex, "1.3.0", "f005ad692b717691203f940c686208aa3d8ffd9dd4bb3699240096a51fa9564e", [:mix], [{:mochiweb, "~> 2.15", [hex: :mochiweb, optional: false]}]},
  "jason": {:hex, :jason, "1.0.0", "0f7cfa9bdb23fed721ec05419bcee2b2c21a77e926bce0deda029b5adc716fe2", [:mix], [{:decimal, "~> 1.0", [hex: :decimal, optional: true]}]},
  "meeseeks": {:hex, :meeseeks, "0.7.6", "8404ac005077fd4ba275336c44783caa29f6399a570a409b05dd19fcf6442395", [:mix], [{:meeseeks_html5ever, "~> 0.8.0", [hex: :meeseeks_html5ever, optional: false]}]},
  "meeseeks_html5ever": {:hex, :meeseeks_html5ever, "0.8.1", "8b10ad450d31b99408e570fab5f8e26aad9fa1cd2d6da0b99b5aa0a216809896", [:mix], [{:rustler, "~> 0.16", [hex: :rustler, optional: false]}]},
  "mochiweb": {:hex, :mochiweb, "2.15.0", "e1daac474df07651e5d17cc1e642c4069c7850dc4508d3db7263a0651330aacc", [:rebar3], []},
  "modest_ex": {:hex, :modest_ex, "1.0.1", "8040758236b4287724ee2ffacbc8763ebd2aa6ded1ede950bd33807dd7e3a132", [:mix], [{:nodex, "~> 0.1.1", [hex: :nodex, optional: false]}]},
  "myhtmlex": {:hex, :myhtmlex, "0.2.1", "d6f3eb1826f7cdaa0225a996569da0930d1a334405510845c905ae59295ab226", [:make, :mix], [{:nodex, "~> 0.1.1", [hex: :nodex, optional: false]}]},
  "nodex": {:hex, :nodex, "0.1.1", "ed2f7bbe19ea62a43ad4b7ad332eb3f9ca12c64a35a5802a0eb545b93ebe32af", [:mix], []},
  "parallel_stream": {:hex, :parallel_stream, "1.0.6", "b967be2b23f0f6787fab7ed681b4c45a215a81481fb62b01a5b750fa8f30f76c", [:mix], []},
  "rustler": {:hex, :rustler, "0.16.0", "9b04237d2e7b30fcae40a28edb56f59aad8f4e3c8790f4996b5f200f649964be", [:mix], []},
}
